
Microsoft Visual Studio Solution File, Format Version 12.00
# Visual Studio 15
VisualStudioVersion = 15.0.27703.2047
MinimumVisualStudioVersion = 10.0.40219.1
Project("{9A19103F-16F7-4668-BE54-9A1E7A4F7556}") = "DI", "DI\DI.csproj", "{086627F4-0178-42F0-979D-E3DFF27E5F36}"
EndProject
Project("{2150E333-8FDC-42A3-9474-1A3956D46DE8}") = "Projects", "Projects", "{343ECC8D-9F51-4A26-AE71-FBB755FA5104}"
EndProject
Project("{FAE04EC0-301F-11D3-BF4B-00C04F79EFBC}") = "CoreAppMVC", "CoreAppMVC\CoreAppMVC.csproj", "{33F40167-FB1B-4678-BEC7-65F7A7498B82}"
EndProject
Global
	GlobalSection(SolutionConfigurationPlatforms) = preSolution
		Debug|Any CPU = Debug|Any CPU
		Release|Any CPU = Release|Any CPU
	EndGlobalSection
	GlobalSection(ProjectConfigurationPlatforms) = postSolution
		{086627F4-0178-42F0-979D-E3DFF27E5F36}.Debug|Any CPU.ActiveCfg = Debug|Any CPU
		{086627F4-0178-42F0-979D-E3DFF27E5F36}.Debug|Any CPU.Build.0 = Debug|Any CPU
		{086627F4-0178-42F0-979D-E3DFF27E5F36}.Release|Any CPU.ActiveCfg = Release|Any CPU
		{086627F4-0178-42F0-979D-E3DFF27E5F36}.Release|Any CPU.Build.0 = Release|Any CPU
		{33F40167-FB1B-4678-BEC7-65F7A7498B82}.Debug|Any CPU.ActiveCfg = Debug|Any CPU
		{33F40167-FB1B-4678-BEC7-65F7A7498B82}.Debug|Any CPU.Build.0 = Debug|Any CPU
		{33F40167-FB1B-4678-BEC7-65F7A7498B82}.Release|Any CPU.ActiveCfg = Release|Any CPU
		{33F40167-FB1B-4678-BEC7-65F7A7498B82}.Release|Any CPU.Build.0 = Release|Any CPU
	EndGlobalSection
	GlobalSection(SolutionProperties) = preSolution
		HideSolutionNode = FALSE
	EndGlobalSection
	GlobalSection(NestedProjects) = preSolution
		{33F40167-FB1B-4678-BEC7-65F7A7498B82} = {343ECC8D-9F51-4A26-AE71-FBB755FA5104}
	EndGlobalSection
	GlobalSection(ExtensibilityGlobals) = postSolution
		SolutionGuid = {6B76C85C-A565-4495-B65A-9CAA4DF5A234}
	EndGlobalSection
EndGlobal
