
Microsoft Visual Studio Solution File, Format Version 12.00
# Visual Studio 15
VisualStudioVersion = 15.0.27703.2047
MinimumVisualStudioVersion = 10.0.40219.1
Project("{FAE04EC0-301F-11D3-BF4B-00C04F79EFBC}") = "DesignPatterns", "DesignPatterns\DesignPatterns.csproj", "{3A3958BE-CF4C-4630-9098-E441FA2BC9A9}"
EndProject
Project("{2150E333-8FDC-42A3-9474-1A3956D46DE8}") = "DP.Library", "DP.Library", "{D9003D84-6AFF-4E7A-82AA-1CEF0CF94834}"
EndProject
Project("{FAE04EC0-301F-11D3-BF4B-00C04F79EFBC}") = "Singleton", "DP.Library\Singleton\Singleton.csproj", "{E9A69410-FDBE-4314-A65A-E54C2BD483DF}"
EndProject
Global
	GlobalSection(SolutionConfigurationPlatforms) = preSolution
		Debug|Any CPU = Debug|Any CPU
		Release|Any CPU = Release|Any CPU
	EndGlobalSection
	GlobalSection(ProjectConfigurationPlatforms) = postSolution
		{3A3958BE-CF4C-4630-9098-E441FA2BC9A9}.Debug|Any CPU.ActiveCfg = Debug|Any CPU
		{3A3958BE-CF4C-4630-9098-E441FA2BC9A9}.Debug|Any CPU.Build.0 = Debug|Any CPU
		{3A3958BE-CF4C-4630-9098-E441FA2BC9A9}.Release|Any CPU.ActiveCfg = Release|Any CPU
		{3A3958BE-CF4C-4630-9098-E441FA2BC9A9}.Release|Any CPU.Build.0 = Release|Any CPU
		{E9A69410-FDBE-4314-A65A-E54C2BD483DF}.Debug|Any CPU.ActiveCfg = Debug|Any CPU
		{E9A69410-FDBE-4314-A65A-E54C2BD483DF}.Debug|Any CPU.Build.0 = Debug|Any CPU
		{E9A69410-FDBE-4314-A65A-E54C2BD483DF}.Release|Any CPU.ActiveCfg = Release|Any CPU
		{E9A69410-FDBE-4314-A65A-E54C2BD483DF}.Release|Any CPU.Build.0 = Release|Any CPU
	EndGlobalSection
	GlobalSection(SolutionProperties) = preSolution
		HideSolutionNode = FALSE
	EndGlobalSection
	GlobalSection(NestedProjects) = preSolution
		{E9A69410-FDBE-4314-A65A-E54C2BD483DF} = {D9003D84-6AFF-4E7A-82AA-1CEF0CF94834}
	EndGlobalSection
	GlobalSection(ExtensibilityGlobals) = postSolution
		SolutionGuid = {A0BD0B52-B26B-47F5-9F89-72E7306501F2}
	EndGlobalSection
EndGlobal
